// !$*UTF8*$!
{
	archiveVersion = 1;
	classes = {
	};
	objectVersion = 55;
	objects = {

/* Begin PBXBuildFile section */
		091171F428E0E11600052533 /* CartListFactory.swift in Sources */ = {isa = PBXBuildFile; fileRef = 091171F328E0E11600052533 /* CartListFactory.swift */; };
		091171F628E0E18C00052533 /* EmptyCartView.swift in Sources */ = {isa = PBXBuildFile; fileRef = 091171F528E0E18C00052533 /* EmptyCartView.swift */; };
		0911720628E1286F00052533 /* MenuItemToAddBuilder.swift in Sources */ = {isa = PBXBuildFile; fileRef = 0911720528E1286F00052533 /* MenuItemToAddBuilder.swift */; };
		0940B54C28D6C6590008A387 /* StartView.swift in Sources */ = {isa = PBXBuildFile; fileRef = 0940B54B28D6C6590008A387 /* StartView.swift */; };
		0940B55028D6D4180008A387 /* DiscountGridRow.swift in Sources */ = {isa = PBXBuildFile; fileRef = 0940B54F28D6D4180008A387 /* DiscountGridRow.swift */; };
		0940B55228D7A1E50008A387 /* DiscountGridView.swift in Sources */ = {isa = PBXBuildFile; fileRef = 0940B55128D7A1E50008A387 /* DiscountGridView.swift */; };
		0940B55428D7A2290008A387 /* DiscountDataSource.swift in Sources */ = {isa = PBXBuildFile; fileRef = 0940B55328D7A2290008A387 /* DiscountDataSource.swift */; };
		0940B55B28D7AB310008A387 /* MenuRowView.swift in Sources */ = {isa = PBXBuildFile; fileRef = 0940B55A28D7AB310008A387 /* MenuRowView.swift */; };
		09439A792905EFE10098917D /* AvocadoUITests.swift in Sources */ = {isa = PBXBuildFile; fileRef = 09439A782905EFE10098917D /* AvocadoUITests.swift */; };
		094667E728CEAB5C00EAE7C6 /* MenuDetailView.swift in Sources */ = {isa = PBXBuildFile; fileRef = 094667E628CEAB5C00EAE7C6 /* MenuDetailView.swift */; };
		0949F43228B1AF6D000B9CE6 /* MCRAvocadoApp.swift in Sources */ = {isa = PBXBuildFile; fileRef = 0949F43128B1AF6D000B9CE6 /* MCRAvocadoApp.swift */; };
		0949F43628B1AF70000B9CE6 /* Assets.xcassets in Resources */ = {isa = PBXBuildFile; fileRef = 0949F43528B1AF70000B9CE6 /* Assets.xcassets */; };
		0949F43928B1AF70000B9CE6 /* Preview Assets.xcassets in Resources */ = {isa = PBXBuildFile; fileRef = 0949F43828B1AF70000B9CE6 /* Preview Assets.xcassets */; };
		0949F44028B1B30A000B9CE6 /* ColorExtension.swift in Sources */ = {isa = PBXBuildFile; fileRef = 0949F43F28B1B30A000B9CE6 /* ColorExtension.swift */; };
		0949F44428B1B39D000B9CE6 /* ButtonViews.swift in Sources */ = {isa = PBXBuildFile; fileRef = 0949F44328B1B39D000B9CE6 /* ButtonViews.swift */; };
		0949F44628B1B3D5000B9CE6 /* TextLibrary.swift in Sources */ = {isa = PBXBuildFile; fileRef = 0949F44528B1B3D5000B9CE6 /* TextLibrary.swift */; };
		0949F44828B1B3FF000B9CE6 /* TextViews.swift in Sources */ = {isa = PBXBuildFile; fileRef = 0949F44728B1B3FF000B9CE6 /* TextViews.swift */; };
		0949F45028B1C431000B9CE6 /* Constants.swift in Sources */ = {isa = PBXBuildFile; fileRef = 0949F44F28B1C431000B9CE6 /* Constants.swift */; };
		0954C5EA28FA6AAC00ECD2C0 /* DetailImageView.swift in Sources */ = {isa = PBXBuildFile; fileRef = 0954C5E928FA6AAC00ECD2C0 /* DetailImageView.swift */; };
		09573CF928FC842000775985 /* DataManager.swift in Sources */ = {isa = PBXBuildFile; fileRef = 09573CF828FC842000775985 /* DataManager.swift */; };
		09573D0B28FCB6FD00775985 /* AvocadoMenu.xcdatamodeld in Sources */ = {isa = PBXBuildFile; fileRef = 09573D0928FCB6FD00775985 /* AvocadoMenu.xcdatamodeld */; };
		09573D0E28FCF9BB00775985 /* ItemEntity+CoreDataClass.swift in Sources */ = {isa = PBXBuildFile; fileRef = 09573D0D28FCF9BB00775985 /* ItemEntity+CoreDataClass.swift */; };
		09573D1028FCF9DD00775985 /* ItemEntity+CoreDataProperties.swift in Sources */ = {isa = PBXBuildFile; fileRef = 09573D0F28FCF9DD00775985 /* ItemEntity+CoreDataProperties.swift */; };
		09573D1228FCFC2F00775985 /* Persistence.swift in Sources */ = {isa = PBXBuildFile; fileRef = 09573D1128FCFC2F00775985 /* Persistence.swift */; };
		09573D1528FD249600775985 /* SectionEntity+CoreDataClass.swift in Sources */ = {isa = PBXBuildFile; fileRef = 09573D1328FD249600775985 /* SectionEntity+CoreDataClass.swift */; };
		09573D1628FD249600775985 /* SectionEntity+CoreDataProperties.swift in Sources */ = {isa = PBXBuildFile; fileRef = 09573D1428FD249600775985 /* SectionEntity+CoreDataProperties.swift */; };
		095AD0CB28BBF75900651B36 /* OrderModel.swift in Sources */ = {isa = PBXBuildFile; fileRef = 095AD0CA28BBF75900651B36 /* OrderModel.swift */; };
		095AD0E028BBFF9200651B36 /* OrderModelTests.swift in Sources */ = {isa = PBXBuildFile; fileRef = 095AD0DF28BBFF9200651B36 /* OrderModelTests.swift */; };
		096D5E4F290F75E300FA94B8 /* OrdersListView.swift in Sources */ = {isa = PBXBuildFile; fileRef = 096D5E4E290F75E300FA94B8 /* OrdersListView.swift */; };
		096D5E51290F78E100FA94B8 /* DateExtension.swift in Sources */ = {isa = PBXBuildFile; fileRef = 096D5E50290F78E100FA94B8 /* DateExtension.swift */; };
		096D5E53290F844000FA94B8 /* SectionalOrderModel.swift in Sources */ = {isa = PBXBuildFile; fileRef = 096D5E52290F844000FA94B8 /* SectionalOrderModel.swift */; };
		096D5E55290F889D00FA94B8 /* SectionalOrdersAdapter.swift in Sources */ = {isa = PBXBuildFile; fileRef = 096D5E54290F889D00FA94B8 /* SectionalOrdersAdapter.swift */; };
		096D5E58290F912100FA94B8 /* OrderRowView.swift in Sources */ = {isa = PBXBuildFile; fileRef = 096D5E57290F912100FA94B8 /* OrderRowView.swift */; };
		096D5E5A290F9A5800FA94B8 /* OrderDetailView.swift in Sources */ = {isa = PBXBuildFile; fileRef = 096D5E59290F9A5800FA94B8 /* OrderDetailView.swift */; };
		096D5E5C290FAB1F00FA94B8 /* OrderRequest.swift in Sources */ = {isa = PBXBuildFile; fileRef = 096D5E5B290FAB1F00FA94B8 /* OrderRequest.swift */; };
		096D5E61290FABCC00FA94B8 /* EmptyOrdersView.swift in Sources */ = {isa = PBXBuildFile; fileRef = 096D5E60290FABCC00FA94B8 /* EmptyOrdersView.swift */; };
		096D5E682912305A00FA94B8 /* SectionalOrdersAdapterTests.swift in Sources */ = {isa = PBXBuildFile; fileRef = 096D5E672912305A00FA94B8 /* SectionalOrdersAdapterTests.swift */; };
		096D5E6A2912310900FA94B8 /* DateExtension.swift in Sources */ = {isa = PBXBuildFile; fileRef = 096D5E692912310900FA94B8 /* DateExtension.swift */; };
		096D5E6F2912370200FA94B8 /* HeaderDetailView.swift in Sources */ = {isa = PBXBuildFile; fileRef = 096D5E6E2912370200FA94B8 /* HeaderDetailView.swift */; };
		0976F426290E0B82007AC31D /* OrderContainer.swift in Sources */ = {isa = PBXBuildFile; fileRef = 0976F425290E0B82007AC31D /* OrderContainer.swift */; };
		0976F428290E0DA8007AC31D /* EncodableExtension.swift in Sources */ = {isa = PBXBuildFile; fileRef = 0976F427290E0DA8007AC31D /* EncodableExtension.swift */; };
		0976F42A290E0FF2007AC31D /* OrderAdapter.swift in Sources */ = {isa = PBXBuildFile; fileRef = 0976F429290E0FF2007AC31D /* OrderAdapter.swift */; };
		0976F42C290E49A1007AC31D /* OrderConfirmationView.swift in Sources */ = {isa = PBXBuildFile; fileRef = 0976F42B290E49A1007AC31D /* OrderConfirmationView.swift */; };
		098B7991290B8D060041EB4C /* AvocadoStepper.swift in Sources */ = {isa = PBXBuildFile; fileRef = 098B7990290B8D060041EB4C /* AvocadoStepper.swift */; };
		09928FEE28FA222D00AEFF21 /* APIManager.swift in Sources */ = {isa = PBXBuildFile; fileRef = 09928FED28FA222D00AEFF21 /* APIManager.swift */; };
		09928FF228FA233100AEFF21 /* RequestManager.swift in Sources */ = {isa = PBXBuildFile; fileRef = 09928FF128FA233100AEFF21 /* RequestManager.swift */; };
		09928FF628FA271000AEFF21 /* MenuRequest.swift in Sources */ = {isa = PBXBuildFile; fileRef = 09928FF528FA271000AEFF21 /* MenuRequest.swift */; };
		09928FF928FA28AB00AEFF21 /* MenuSectionContainer.swift in Sources */ = {isa = PBXBuildFile; fileRef = 09928FF828FA28AB00AEFF21 /* MenuSectionContainer.swift */; };
		09928FFB28FA2C7A00AEFF21 /* MenuImageView.swift in Sources */ = {isa = PBXBuildFile; fileRef = 09928FFA28FA2C7A00AEFF21 /* MenuImageView.swift */; };
		09928FFD28FA30AF00AEFF21 /* NetworkError.swift in Sources */ = {isa = PBXBuildFile; fileRef = 09928FFC28FA30AF00AEFF21 /* NetworkError.swift */; };
		09928FFF28FA33F700AEFF21 /* DataParser.swift in Sources */ = {isa = PBXBuildFile; fileRef = 09928FFE28FA33F700AEFF21 /* DataParser.swift */; };
		0992900128FA350B00AEFF21 /* APIConstants.swift in Sources */ = {isa = PBXBuildFile; fileRef = 0992900028FA350B00AEFF21 /* APIConstants.swift */; };
		0992FF692904F5B100083B20 /* MenuMock.json in Resources */ = {isa = PBXBuildFile; fileRef = 09D32A6A29047C9A0001DF31 /* MenuMock.json */; };
		0992FF6A2904F6A300083B20 /* MenuMock.json in Resources */ = {isa = PBXBuildFile; fileRef = 09D32A6A29047C9A0001DF31 /* MenuMock.json */; };
		09AF6FD128CEBF9D00B30F08 /* MenuItemDetailView.swift in Sources */ = {isa = PBXBuildFile; fileRef = 09AF6FD028CEBF9D00B30F08 /* MenuItemDetailView.swift */; };
		09B6B0A628D7B827008969D0 /* MenuListView.swift in Sources */ = {isa = PBXBuildFile; fileRef = 09B6B0A528D7B827008969D0 /* MenuListView.swift */; };
		09C1CC2C28CE5417004548F1 /* CartListView.swift in Sources */ = {isa = PBXBuildFile; fileRef = 09C1CC2B28CE5417004548F1 /* CartListView.swift */; };
		09C1CC2F28CE69D1004548F1 /* CartRowView.swift in Sources */ = {isa = PBXBuildFile; fileRef = 09C1CC2E28CE69D1004548F1 /* CartRowView.swift */; };
		09C1CC3128CE8BDD004548F1 /* OrderDataSource.swift in Sources */ = {isa = PBXBuildFile; fileRef = 09C1CC3028CE8BDD004548F1 /* OrderDataSource.swift */; };
		09D32A62290464DA0001DF31 /* MenuItemToAddBuilderTests.swift in Sources */ = {isa = PBXBuildFile; fileRef = 09D32A61290464DA0001DF31 /* MenuItemToAddBuilderTests.swift */; };
		09D32A64290478510001DF31 /* APIManagerMock.swift in Sources */ = {isa = PBXBuildFile; fileRef = 09D32A63290478510001DF31 /* APIManagerMock.swift */; };
		09D32A66290478A60001DF31 /* MenuRequestMock.swift in Sources */ = {isa = PBXBuildFile; fileRef = 09D32A65290478A60001DF31 /* MenuRequestMock.swift */; };
		09D32A68290478F50001DF31 /* RequestManagerTests.swift in Sources */ = {isa = PBXBuildFile; fileRef = 09D32A67290478F50001DF31 /* RequestManagerTests.swift */; };
		09D32A732904AECD0001DF31 /* CoreDataTests.swift in Sources */ = {isa = PBXBuildFile; fileRef = 09D32A722904AECD0001DF31 /* CoreDataTests.swift */; };
		09E5768428F3834300AB24DB /* MainLaunchScreenView.swift in Sources */ = {isa = PBXBuildFile; fileRef = 09E5768328F3834300AB24DB /* MainLaunchScreenView.swift */; };
		09E5768628F3887500AB24DB /* LaunchScreenManager.swift in Sources */ = {isa = PBXBuildFile; fileRef = 09E5768528F3887500AB24DB /* LaunchScreenManager.swift */; };
		09F50C5328F9EA97008E0E92 /* RequestProtocol.swift in Sources */ = {isa = PBXBuildFile; fileRef = 09F50C5228F9EA97008E0E92 /* RequestProtocol.swift */; };
		09F50C5528F9EBF9008E0E92 /* RequestType.swift in Sources */ = {isa = PBXBuildFile; fileRef = 09F50C5428F9EBF9008E0E92 /* RequestType.swift */; };
		09F7AAFF28C595A400262C52 /* DoubleExtension.swift in Sources */ = {isa = PBXBuildFile; fileRef = 09F7AAFE28C595A400262C52 /* DoubleExtension.swift */; };
		09F7AB0128C5978500262C52 /* DiscountModel.swift in Sources */ = {isa = PBXBuildFile; fileRef = 09F7AB0028C5978500262C52 /* DiscountModel.swift */; };
/* End PBXBuildFile section */

/* Begin PBXContainerItemProxy section */
		09439A7C2905EFE10098917D /* PBXContainerItemProxy */ = {
			isa = PBXContainerItemProxy;
			containerPortal = 0949F42628B1AF6D000B9CE6 /* Project object */;
			proxyType = 1;
			remoteGlobalIDString = 0949F42D28B1AF6D000B9CE6;
			remoteInfo = MCRAvocado;
		};
		095AD0E128BBFF9200651B36 /* PBXContainerItemProxy */ = {
			isa = PBXContainerItemProxy;
			containerPortal = 0949F42628B1AF6D000B9CE6 /* Project object */;
			proxyType = 1;
			remoteGlobalIDString = 0949F42D28B1AF6D000B9CE6;
			remoteInfo = MCRAvocado;
		};
/* End PBXContainerItemProxy section */

/* Begin PBXFileReference section */
		091171F328E0E11600052533 /* CartListFactory.swift */ = {isa = PBXFileReference; lastKnownFileType = sourcecode.swift; path = CartListFactory.swift; sourceTree = "<group>"; };
		091171F528E0E18C00052533 /* EmptyCartView.swift */ = {isa = PBXFileReference; lastKnownFileType = sourcecode.swift; path = EmptyCartView.swift; sourceTree = "<group>"; };
		0911720528E1286F00052533 /* MenuItemToAddBuilder.swift */ = {isa = PBXFileReference; lastKnownFileType = sourcecode.swift; path = MenuItemToAddBuilder.swift; sourceTree = "<group>"; };
		0940B54B28D6C6590008A387 /* StartView.swift */ = {isa = PBXFileReference; lastKnownFileType = sourcecode.swift; path = StartView.swift; sourceTree = "<group>"; };
		0940B54F28D6D4180008A387 /* DiscountGridRow.swift */ = {isa = PBXFileReference; lastKnownFileType = sourcecode.swift; path = DiscountGridRow.swift; sourceTree = "<group>"; };
		0940B55128D7A1E50008A387 /* DiscountGridView.swift */ = {isa = PBXFileReference; lastKnownFileType = sourcecode.swift; path = DiscountGridView.swift; sourceTree = "<group>"; };
		0940B55328D7A2290008A387 /* DiscountDataSource.swift */ = {isa = PBXFileReference; lastKnownFileType = sourcecode.swift; path = DiscountDataSource.swift; sourceTree = "<group>"; };
		0940B55A28D7AB310008A387 /* MenuRowView.swift */ = {isa = PBXFileReference; lastKnownFileType = sourcecode.swift; path = MenuRowView.swift; sourceTree = "<group>"; };
		09439A762905EFE10098917D /* AvocadoUITests.xctest */ = {isa = PBXFileReference; explicitFileType = wrapper.cfbundle; includeInIndex = 0; path = AvocadoUITests.xctest; sourceTree = BUILT_PRODUCTS_DIR; };
		09439A782905EFE10098917D /* AvocadoUITests.swift */ = {isa = PBXFileReference; lastKnownFileType = sourcecode.swift; path = AvocadoUITests.swift; sourceTree = "<group>"; };
		094667E628CEAB5C00EAE7C6 /* MenuDetailView.swift */ = {isa = PBXFileReference; lastKnownFileType = sourcecode.swift; path = MenuDetailView.swift; sourceTree = "<group>"; };
		0949F42E28B1AF6D000B9CE6 /* Avocado.app */ = {isa = PBXFileReference; explicitFileType = wrapper.application; includeInIndex = 0; path = Avocado.app; sourceTree = BUILT_PRODUCTS_DIR; };
		0949F43128B1AF6D000B9CE6 /* MCRAvocadoApp.swift */ = {isa = PBXFileReference; lastKnownFileType = sourcecode.swift; path = MCRAvocadoApp.swift; sourceTree = "<group>"; };
		0949F43528B1AF70000B9CE6 /* Assets.xcassets */ = {isa = PBXFileReference; lastKnownFileType = folder.assetcatalog; path = Assets.xcassets; sourceTree = "<group>"; };
		0949F43828B1AF70000B9CE6 /* Preview Assets.xcassets */ = {isa = PBXFileReference; lastKnownFileType = folder.assetcatalog; path = "Preview Assets.xcassets"; sourceTree = "<group>"; };
		0949F43F28B1B30A000B9CE6 /* ColorExtension.swift */ = {isa = PBXFileReference; lastKnownFileType = sourcecode.swift; path = ColorExtension.swift; sourceTree = "<group>"; };
		0949F44328B1B39D000B9CE6 /* ButtonViews.swift */ = {isa = PBXFileReference; lastKnownFileType = sourcecode.swift; path = ButtonViews.swift; sourceTree = "<group>"; };
		0949F44528B1B3D5000B9CE6 /* TextLibrary.swift */ = {isa = PBXFileReference; lastKnownFileType = sourcecode.swift; path = TextLibrary.swift; sourceTree = "<group>"; };
		0949F44728B1B3FF000B9CE6 /* TextViews.swift */ = {isa = PBXFileReference; lastKnownFileType = sourcecode.swift; path = TextViews.swift; sourceTree = "<group>"; };
		0949F44F28B1C431000B9CE6 /* Constants.swift */ = {isa = PBXFileReference; lastKnownFileType = sourcecode.swift; path = Constants.swift; sourceTree = "<group>"; };
		0954C5E928FA6AAC00ECD2C0 /* DetailImageView.swift */ = {isa = PBXFileReference; lastKnownFileType = sourcecode.swift; path = DetailImageView.swift; sourceTree = "<group>"; };
		09573CF828FC842000775985 /* DataManager.swift */ = {isa = PBXFileReference; lastKnownFileType = sourcecode.swift; path = DataManager.swift; sourceTree = "<group>"; };
		09573D0A28FCB6FD00775985 /* AvocadoMenu.xcdatamodel */ = {isa = PBXFileReference; lastKnownFileType = wrapper.xcdatamodel; path = AvocadoMenu.xcdatamodel; sourceTree = "<group>"; };
		09573D0D28FCF9BB00775985 /* ItemEntity+CoreDataClass.swift */ = {isa = PBXFileReference; lastKnownFileType = sourcecode.swift; path = "ItemEntity+CoreDataClass.swift"; sourceTree = "<group>"; };
		09573D0F28FCF9DD00775985 /* ItemEntity+CoreDataProperties.swift */ = {isa = PBXFileReference; lastKnownFileType = sourcecode.swift; path = "ItemEntity+CoreDataProperties.swift"; sourceTree = "<group>"; };
		09573D1128FCFC2F00775985 /* Persistence.swift */ = {isa = PBXFileReference; lastKnownFileType = sourcecode.swift; path = Persistence.swift; sourceTree = "<group>"; };
		09573D1328FD249600775985 /* SectionEntity+CoreDataClass.swift */ = {isa = PBXFileReference; lastKnownFileType = sourcecode.swift; path = "SectionEntity+CoreDataClass.swift"; sourceTree = "<group>"; };
		09573D1428FD249600775985 /* SectionEntity+CoreDataProperties.swift */ = {isa = PBXFileReference; lastKnownFileType = sourcecode.swift; path = "SectionEntity+CoreDataProperties.swift"; sourceTree = "<group>"; };
		095AD0CA28BBF75900651B36 /* OrderModel.swift */ = {isa = PBXFileReference; lastKnownFileType = sourcecode.swift; path = OrderModel.swift; sourceTree = "<group>"; };
		095AD0DD28BBFF9200651B36 /* MCRAvocadoTests.xctest */ = {isa = PBXFileReference; explicitFileType = wrapper.cfbundle; includeInIndex = 0; path = MCRAvocadoTests.xctest; sourceTree = BUILT_PRODUCTS_DIR; };
		095AD0DF28BBFF9200651B36 /* OrderModelTests.swift */ = {isa = PBXFileReference; lastKnownFileType = sourcecode.swift; path = OrderModelTests.swift; sourceTree = "<group>"; };
		096D5E4E290F75E300FA94B8 /* OrdersListView.swift */ = {isa = PBXFileReference; lastKnownFileType = sourcecode.swift; path = OrdersListView.swift; sourceTree = "<group>"; };
		096D5E50290F78E100FA94B8 /* DateExtension.swift */ = {isa = PBXFileReference; lastKnownFileType = sourcecode.swift; path = DateExtension.swift; sourceTree = "<group>"; };
		096D5E52290F844000FA94B8 /* SectionalOrderModel.swift */ = {isa = PBXFileReference; lastKnownFileType = sourcecode.swift; path = SectionalOrderModel.swift; sourceTree = "<group>"; };
		096D5E54290F889D00FA94B8 /* SectionalOrdersAdapter.swift */ = {isa = PBXFileReference; lastKnownFileType = sourcecode.swift; path = SectionalOrdersAdapter.swift; sourceTree = "<group>"; };
		096D5E57290F912100FA94B8 /* OrderRowView.swift */ = {isa = PBXFileReference; lastKnownFileType = sourcecode.swift; path = OrderRowView.swift; sourceTree = "<group>"; };
		096D5E59290F9A5800FA94B8 /* OrderDetailView.swift */ = {isa = PBXFileReference; lastKnownFileType = sourcecode.swift; path = OrderDetailView.swift; sourceTree = "<group>"; };
		096D5E5B290FAB1F00FA94B8 /* OrderRequest.swift */ = {isa = PBXFileReference; lastKnownFileType = sourcecode.swift; path = OrderRequest.swift; sourceTree = "<group>"; };
		096D5E60290FABCC00FA94B8 /* EmptyOrdersView.swift */ = {isa = PBXFileReference; lastKnownFileType = sourcecode.swift; path = EmptyOrdersView.swift; sourceTree = "<group>"; };
		096D5E672912305A00FA94B8 /* SectionalOrdersAdapterTests.swift */ = {isa = PBXFileReference; lastKnownFileType = sourcecode.swift; path = SectionalOrdersAdapterTests.swift; sourceTree = "<group>"; };
		096D5E692912310900FA94B8 /* DateExtension.swift */ = {isa = PBXFileReference; lastKnownFileType = sourcecode.swift; path = DateExtension.swift; sourceTree = "<group>"; };
		096D5E6E2912370200FA94B8 /* HeaderDetailView.swift */ = {isa = PBXFileReference; lastKnownFileType = sourcecode.swift; path = HeaderDetailView.swift; sourceTree = "<group>"; };
		0976F425290E0B82007AC31D /* OrderContainer.swift */ = {isa = PBXFileReference; lastKnownFileType = sourcecode.swift; path = OrderContainer.swift; sourceTree = "<group>"; };
		0976F427290E0DA8007AC31D /* EncodableExtension.swift */ = {isa = PBXFileReference; lastKnownFileType = sourcecode.swift; path = EncodableExtension.swift; sourceTree = "<group>"; };
		0976F429290E0FF2007AC31D /* OrderAdapter.swift */ = {isa = PBXFileReference; lastKnownFileType = sourcecode.swift; path = OrderAdapter.swift; sourceTree = "<group>"; };
		0976F42B290E49A1007AC31D /* OrderConfirmationView.swift */ = {isa = PBXFileReference; lastKnownFileType = sourcecode.swift; path = OrderConfirmationView.swift; sourceTree = "<group>"; };
		098B7990290B8D060041EB4C /* AvocadoStepper.swift */ = {isa = PBXFileReference; lastKnownFileType = sourcecode.swift; path = AvocadoStepper.swift; sourceTree = "<group>"; };
		09928FED28FA222D00AEFF21 /* APIManager.swift */ = {isa = PBXFileReference; lastKnownFileType = sourcecode.swift; path = APIManager.swift; sourceTree = "<group>"; };
		09928FF128FA233100AEFF21 /* RequestManager.swift */ = {isa = PBXFileReference; lastKnownFileType = sourcecode.swift; path = RequestManager.swift; sourceTree = "<group>"; };
		09928FF528FA271000AEFF21 /* MenuRequest.swift */ = {isa = PBXFileReference; lastKnownFileType = sourcecode.swift; path = MenuRequest.swift; sourceTree = "<group>"; };
		09928FF828FA28AB00AEFF21 /* MenuSectionContainer.swift */ = {isa = PBXFileReference; lastKnownFileType = sourcecode.swift; path = MenuSectionContainer.swift; sourceTree = "<group>"; };
		09928FFA28FA2C7A00AEFF21 /* MenuImageView.swift */ = {isa = PBXFileReference; lastKnownFileType = sourcecode.swift; path = MenuImageView.swift; sourceTree = "<group>"; };
		09928FFC28FA30AF00AEFF21 /* NetworkError.swift */ = {isa = PBXFileReference; lastKnownFileType = sourcecode.swift; path = NetworkError.swift; sourceTree = "<group>"; };
		09928FFE28FA33F700AEFF21 /* DataParser.swift */ = {isa = PBXFileReference; lastKnownFileType = sourcecode.swift; path = DataParser.swift; sourceTree = "<group>"; };
		0992900028FA350B00AEFF21 /* APIConstants.swift */ = {isa = PBXFileReference; lastKnownFileType = sourcecode.swift; path = APIConstants.swift; sourceTree = "<group>"; };
		09AF6FD028CEBF9D00B30F08 /* MenuItemDetailView.swift */ = {isa = PBXFileReference; lastKnownFileType = sourcecode.swift; path = MenuItemDetailView.swift; sourceTree = "<group>"; };
		09B6B0A528D7B827008969D0 /* MenuListView.swift */ = {isa = PBXFileReference; lastKnownFileType = sourcecode.swift; path = MenuListView.swift; sourceTree = "<group>"; };
		09C1CC2B28CE5417004548F1 /* CartListView.swift */ = {isa = PBXFileReference; lastKnownFileType = sourcecode.swift; path = CartListView.swift; sourceTree = "<group>"; };
		09C1CC2E28CE69D1004548F1 /* CartRowView.swift */ = {isa = PBXFileReference; lastKnownFileType = sourcecode.swift; path = CartRowView.swift; sourceTree = "<group>"; };
		09C1CC3028CE8BDD004548F1 /* OrderDataSource.swift */ = {isa = PBXFileReference; lastKnownFileType = sourcecode.swift; path = OrderDataSource.swift; sourceTree = "<group>"; };
		09D32A61290464DA0001DF31 /* MenuItemToAddBuilderTests.swift */ = {isa = PBXFileReference; lastKnownFileType = sourcecode.swift; path = MenuItemToAddBuilderTests.swift; sourceTree = "<group>"; };
		09D32A63290478510001DF31 /* APIManagerMock.swift */ = {isa = PBXFileReference; lastKnownFileType = sourcecode.swift; path = APIManagerMock.swift; sourceTree = "<group>"; };
		09D32A65290478A60001DF31 /* MenuRequestMock.swift */ = {isa = PBXFileReference; lastKnownFileType = sourcecode.swift; path = MenuRequestMock.swift; sourceTree = "<group>"; };
		09D32A67290478F50001DF31 /* RequestManagerTests.swift */ = {isa = PBXFileReference; lastKnownFileType = sourcecode.swift; path = RequestManagerTests.swift; sourceTree = "<group>"; };
		09D32A6A29047C9A0001DF31 /* MenuMock.json */ = {isa = PBXFileReference; lastKnownFileType = text.json; path = MenuMock.json; sourceTree = "<group>"; };
		09D32A722904AECD0001DF31 /* CoreDataTests.swift */ = {isa = PBXFileReference; lastKnownFileType = sourcecode.swift; path = CoreDataTests.swift; sourceTree = "<group>"; };
		09E5768328F3834300AB24DB /* MainLaunchScreenView.swift */ = {isa = PBXFileReference; lastKnownFileType = sourcecode.swift; path = MainLaunchScreenView.swift; sourceTree = "<group>"; };
		09E5768528F3887500AB24DB /* LaunchScreenManager.swift */ = {isa = PBXFileReference; lastKnownFileType = sourcecode.swift; path = LaunchScreenManager.swift; sourceTree = "<group>"; };
		09F50C5228F9EA97008E0E92 /* RequestProtocol.swift */ = {isa = PBXFileReference; lastKnownFileType = sourcecode.swift; path = RequestProtocol.swift; sourceTree = "<group>"; };
		09F50C5428F9EBF9008E0E92 /* RequestType.swift */ = {isa = PBXFileReference; lastKnownFileType = sourcecode.swift; path = RequestType.swift; sourceTree = "<group>"; };
		09F7AAFE28C595A400262C52 /* DoubleExtension.swift */ = {isa = PBXFileReference; lastKnownFileType = sourcecode.swift; path = DoubleExtension.swift; sourceTree = "<group>"; };
		09F7AB0028C5978500262C52 /* DiscountModel.swift */ = {isa = PBXFileReference; lastKnownFileType = sourcecode.swift; path = DiscountModel.swift; sourceTree = "<group>"; };
		09FA896228F226E6006F773F /* Info.plist */ = {isa = PBXFileReference; lastKnownFileType = text.plist; path = Info.plist; sourceTree = "<group>"; };
/* End PBXFileReference section */

/* Begin PBXFrameworksBuildPhase section */
		09439A732905EFE10098917D /* Frameworks */ = {
			isa = PBXFrameworksBuildPhase;
			buildActionMask = 2147483647;
			files = (
			);
			runOnlyForDeploymentPostprocessing = 0;
		};
		0949F42B28B1AF6D000B9CE6 /* Frameworks */ = {
			isa = PBXFrameworksBuildPhase;
			buildActionMask = 2147483647;
			files = (
			);
			runOnlyForDeploymentPostprocessing = 0;
		};
		095AD0DA28BBFF9200651B36 /* Frameworks */ = {
			isa = PBXFrameworksBuildPhase;
			buildActionMask = 2147483647;
			files = (
			);
			runOnlyForDeploymentPostprocessing = 0;
		};
/* End PBXFrameworksBuildPhase section */

/* Begin PBXGroup section */
		090D179228CF035700D7BA14 /* Views */ = {
			isa = PBXGroup;
			children = (
				09C1CC2B28CE5417004548F1 /* CartListView.swift */,
				091171F528E0E18C00052533 /* EmptyCartView.swift */,
				09C1CC2E28CE69D1004548F1 /* CartRowView.swift */,
			);
			name = Views;
			sourceTree = "<group>";
		};
		090D179328CF035E00D7BA14 /* DataSource */ = {
			isa = PBXGroup;
			children = (
				09C1CC3028CE8BDD004548F1 /* OrderDataSource.swift */,
			);
			name = DataSource;
			sourceTree = "<group>";
		};
		090D179528CF037900D7BA14 /* Models */ = {
			isa = PBXGroup;
			children = (
				095AD0CA28BBF75900651B36 /* OrderModel.swift */,
			);
			name = Models;
			sourceTree = "<group>";
		};
		091171F728E0E9DE00052533 /* SartModule */ = {
			isa = PBXGroup;
			children = (
				0940B54B28D6C6590008A387 /* StartView.swift */,
				091171F328E0E11600052533 /* CartListFactory.swift */,
			);
			name = SartModule;
			sourceTree = "<group>";
		};
		09239A0B28BABD0000B14F20 /* Extensions */ = {
			isa = PBXGroup;
			children = (
				0949F43F28B1B30A000B9CE6 /* ColorExtension.swift */,
				09F7AAFE28C595A400262C52 /* DoubleExtension.swift */,
				0976F427290E0DA8007AC31D /* EncodableExtension.swift */,
				096D5E50290F78E100FA94B8 /* DateExtension.swift */,
			);
			name = Extensions;
			sourceTree = "<group>";
		};
		0940B55528D7A3E20008A387 /* DiscountModule */ = {
			isa = PBXGroup;
			children = (
				09B6B0AC28D81543008969D0 /* Model */,
				09B6B0AB28D8153E008969D0 /* View */,
				09B6B0AA28D81534008969D0 /* DataSource */,
			);
			name = DiscountModule;
			sourceTree = "<group>";
		};
		0940B55828D7AAE00008A387 /* Views */ = {
			isa = PBXGroup;
			children = (
				0940B55A28D7AB310008A387 /* MenuRowView.swift */,
				09B6B0A528D7B827008969D0 /* MenuListView.swift */,
				09928FFA28FA2C7A00AEFF21 /* MenuImageView.swift */,
			);
			name = Views;
			sourceTree = "<group>";
		};
		09439A772905EFE10098917D /* AvocadoUITests */ = {
			isa = PBXGroup;
			children = (
				09439A782905EFE10098917D /* AvocadoUITests.swift */,
			);
			path = AvocadoUITests;
			sourceTree = "<group>";
		};
		0949F42528B1AF6D000B9CE6 = {
			isa = PBXGroup;
			children = (
				0949F43028B1AF6D000B9CE6 /* MCRAvocado */,
				095AD0DE28BBFF9200651B36 /* MCRAvocadoTests */,
				09439A772905EFE10098917D /* AvocadoUITests */,
				0949F42F28B1AF6D000B9CE6 /* Products */,
			);
			sourceTree = "<group>";
		};
		0949F42F28B1AF6D000B9CE6 /* Products */ = {
			isa = PBXGroup;
			children = (
				0949F42E28B1AF6D000B9CE6 /* Avocado.app */,
				095AD0DD28BBFF9200651B36 /* MCRAvocadoTests.xctest */,
				09439A762905EFE10098917D /* AvocadoUITests.xctest */,
			);
			name = Products;
			sourceTree = "<group>";
		};
		0949F43028B1AF6D000B9CE6 /* MCRAvocado */ = {
			isa = PBXGroup;
			children = (
				0949F44C28B1B51F000B9CE6 /* App */,
				0949F44B28B1B50D000B9CE6 /* HelpingViews */,
				09E5768728F3A4BF00AB24DB /* AnimationModule */,
				091171F728E0E9DE00052533 /* SartModule */,
				09C1CBFA28CD152B004548F1 /* MenuModule */,
				09AF6FCF28CEBF0300B30F08 /* DetailModule */,
				09C1CC2D28CE6985004548F1 /* CartModule */,
				096D5E62290FB04B00FA94B8 /* PlaceorderModule */,
				096D5E56290F910800FA94B8 /* OrdersModule */,
				096D5E6529122FB800FA94B8 /* OrderDetailModule */,
				0940B55528D7A3E20008A387 /* DiscountModule */,
				0949F44928B1B4D2000B9CE6 /* Libraries */,
				09239A0B28BABD0000B14F20 /* Extensions */,
				0949F43728B1AF70000B9CE6 /* Preview Content */,
				09928FEF28FA224A00AEFF21 /* NetworkLayer */,
				09573D0C28FCF99400775985 /* CoreDataLayer */,
			);
			path = MCRAvocado;
			sourceTree = "<group>";
		};
		0949F43728B1AF70000B9CE6 /* Preview Content */ = {
			isa = PBXGroup;
			children = (
				09D32A6A29047C9A0001DF31 /* MenuMock.json */,
				0949F43828B1AF70000B9CE6 /* Preview Assets.xcassets */,
			);
			path = "Preview Content";
			sourceTree = "<group>";
		};
		0949F44928B1B4D2000B9CE6 /* Libraries */ = {
			isa = PBXGroup;
			children = (
				0949F44528B1B3D5000B9CE6 /* TextLibrary.swift */,
				0949F44F28B1C431000B9CE6 /* Constants.swift */,
			);
			name = Libraries;
			sourceTree = "<group>";
		};
		0949F44B28B1B50D000B9CE6 /* HelpingViews */ = {
			isa = PBXGroup;
			children = (
				0949F44728B1B3FF000B9CE6 /* TextViews.swift */,
				0949F44328B1B39D000B9CE6 /* ButtonViews.swift */,
				098B7990290B8D060041EB4C /* AvocadoStepper.swift */,
			);
			name = HelpingViews;
			sourceTree = "<group>";
		};
		0949F44C28B1B51F000B9CE6 /* App */ = {
			isa = PBXGroup;
			children = (
				0949F43128B1AF6D000B9CE6 /* MCRAvocadoApp.swift */,
				09FA896228F226E6006F773F /* Info.plist */,
				0949F43528B1AF70000B9CE6 /* Assets.xcassets */,
			);
			name = App;
			sourceTree = "<group>";
		};
		09573D0C28FCF99400775985 /* CoreDataLayer */ = {
			isa = PBXGroup;
			children = (
				09573D0928FCB6FD00775985 /* AvocadoMenu.xcdatamodeld */,
				09573D1728FD24B300775985 /* Entities */,
				09573D1128FCFC2F00775985 /* Persistence.swift */,
			);
			name = CoreDataLayer;
			sourceTree = "<group>";
		};
		09573D1728FD24B300775985 /* Entities */ = {
			isa = PBXGroup;
			children = (
				09573D0D28FCF9BB00775985 /* ItemEntity+CoreDataClass.swift */,
				09573D0F28FCF9DD00775985 /* ItemEntity+CoreDataProperties.swift */,
				09573D1328FD249600775985 /* SectionEntity+CoreDataClass.swift */,
				09573D1428FD249600775985 /* SectionEntity+CoreDataProperties.swift */,
			);
			name = Entities;
			sourceTree = "<group>";
		};
		095AD0DE28BBFF9200651B36 /* MCRAvocadoTests */ = {
			isa = PBXGroup;
			children = (
				096D5E6B2912310D00FA94B8 /* Helpers */,
				095AD0DF28BBFF9200651B36 /* OrderModelTests.swift */,
				09D32A61290464DA0001DF31 /* MenuItemToAddBuilderTests.swift */,
				096D5E672912305A00FA94B8 /* SectionalOrdersAdapterTests.swift */,
				098B79882906500F0041EB4C /* NetworkingTests */,
				09D32A722904AECD0001DF31 /* CoreDataTests.swift */,
			);
			path = MCRAvocadoTests;
			sourceTree = "<group>";
		};
		096D5E56290F910800FA94B8 /* OrdersModule */ = {
			isa = PBXGroup;
			children = (
				096D5E662912303900FA94B8 /* Helper */,
				096D5E6429122FA000FA94B8 /* Views */,
				096D5E6329122F9500FA94B8 /* Model */,
			);
			name = OrdersModule;
			sourceTree = "<group>";
		};
		096D5E5D290FAB5600FA94B8 /* AvailableRequests */ = {
			isa = PBXGroup;
			children = (
				096D5E5B290FAB1F00FA94B8 /* OrderRequest.swift */,
				09928FF528FA271000AEFF21 /* MenuRequest.swift */,
			);
			path = AvailableRequests;
			sourceTree = "<group>";
		};
		096D5E62290FB04B00FA94B8 /* PlaceorderModule */ = {
			isa = PBXGroup;
			children = (
				0976F42B290E49A1007AC31D /* OrderConfirmationView.swift */,
			);
			name = PlaceorderModule;
			sourceTree = "<group>";
		};
		096D5E6329122F9500FA94B8 /* Model */ = {
			isa = PBXGroup;
			children = (
				096D5E52290F844000FA94B8 /* SectionalOrderModel.swift */,
			);
			name = Model;
			sourceTree = "<group>";
		};
		096D5E6429122FA000FA94B8 /* Views */ = {
			isa = PBXGroup;
			children = (
				096D5E57290F912100FA94B8 /* OrderRowView.swift */,
				096D5E4E290F75E300FA94B8 /* OrdersListView.swift */,
				096D5E60290FABCC00FA94B8 /* EmptyOrdersView.swift */,
			);
			name = Views;
			sourceTree = "<group>";
		};
		096D5E6529122FB800FA94B8 /* OrderDetailModule */ = {
			isa = PBXGroup;
			children = (
				096D5E59290F9A5800FA94B8 /* OrderDetailView.swift */,
				096D5E6E2912370200FA94B8 /* HeaderDetailView.swift */,
			);
			name = OrderDetailModule;
			sourceTree = "<group>";
		};
		096D5E662912303900FA94B8 /* Helper */ = {
			isa = PBXGroup;
			children = (
				096D5E54290F889D00FA94B8 /* SectionalOrdersAdapter.swift */,
			);
			name = Helper;
			sourceTree = "<group>";
		};
		096D5E6B2912310D00FA94B8 /* Helpers */ = {
			isa = PBXGroup;
			children = (
				096D5E692912310900FA94B8 /* DateExtension.swift */,
			);
			path = Helpers;
			sourceTree = "<group>";
		};
		098B79882906500F0041EB4C /* NetworkingTests */ = {
			isa = PBXGroup;
			children = (
				098B7989290650210041EB4C /* Mocks */,
				09D32A67290478F50001DF31 /* RequestManagerTests.swift */,
			);
			path = NetworkingTests;
			sourceTree = "<group>";
		};
		098B7989290650210041EB4C /* Mocks */ = {
			isa = PBXGroup;
			children = (
				09D32A63290478510001DF31 /* APIManagerMock.swift */,
				09D32A65290478A60001DF31 /* MenuRequestMock.swift */,
			);
			path = Mocks;
			sourceTree = "<group>";
		};
		09928FEF28FA224A00AEFF21 /* NetworkLayer */ = {
			isa = PBXGroup;
			children = (
				09928FF728FA289900AEFF21 /* Network */,
				09928FF028FA225D00AEFF21 /* Request */,
				09928FF828FA28AB00AEFF21 /* MenuSectionContainer.swift */,
				0976F425290E0B82007AC31D /* OrderContainer.swift */,
				09928FFE28FA33F700AEFF21 /* DataParser.swift */,
				0992900028FA350B00AEFF21 /* APIConstants.swift */,
				09573CF828FC842000775985 /* DataManager.swift */,
			);
			name = NetworkLayer;
			sourceTree = "<group>";
		};
		09928FF028FA225D00AEFF21 /* Request */ = {
			isa = PBXGroup;
			children = (
				09F50C5228F9EA97008E0E92 /* RequestProtocol.swift */,
				09F50C5428F9EBF9008E0E92 /* RequestType.swift */,
				096D5E5D290FAB5600FA94B8 /* AvailableRequests */,
			);
			name = Request;
			sourceTree = "<group>";
		};
		09928FF728FA289900AEFF21 /* Network */ = {
			isa = PBXGroup;
			children = (
				09928FFC28FA30AF00AEFF21 /* NetworkError.swift */,
				09928FF128FA233100AEFF21 /* RequestManager.swift */,
				09928FED28FA222D00AEFF21 /* APIManager.swift */,
			);
			name = Network;
			sourceTree = "<group>";
		};
		09AF6FCF28CEBF0300B30F08 /* DetailModule */ = {
			isa = PBXGroup;
			children = (
				094667E628CEAB5C00EAE7C6 /* MenuDetailView.swift */,
				09AF6FD028CEBF9D00B30F08 /* MenuItemDetailView.swift */,
				0911720528E1286F00052533 /* MenuItemToAddBuilder.swift */,
				0954C5E928FA6AAC00ECD2C0 /* DetailImageView.swift */,
			);
			name = DetailModule;
			sourceTree = "<group>";
		};
		09B6B0AA28D81534008969D0 /* DataSource */ = {
			isa = PBXGroup;
			children = (
				0940B55328D7A2290008A387 /* DiscountDataSource.swift */,
			);
			name = DataSource;
			sourceTree = "<group>";
		};
		09B6B0AB28D8153E008969D0 /* View */ = {
			isa = PBXGroup;
			children = (
				0940B54F28D6D4180008A387 /* DiscountGridRow.swift */,
				0940B55128D7A1E50008A387 /* DiscountGridView.swift */,
			);
			name = View;
			sourceTree = "<group>";
		};
		09B6B0AC28D81543008969D0 /* Model */ = {
			isa = PBXGroup;
			children = (
				09F7AB0028C5978500262C52 /* DiscountModel.swift */,
			);
			name = Model;
			sourceTree = "<group>";
		};
		09C1CBFA28CD152B004548F1 /* MenuModule */ = {
			isa = PBXGroup;
			children = (
				0940B55828D7AAE00008A387 /* Views */,
			);
			name = MenuModule;
			sourceTree = "<group>";
		};
		09C1CC2D28CE6985004548F1 /* CartModule */ = {
			isa = PBXGroup;
			children = (
				090D179528CF037900D7BA14 /* Models */,
				090D179228CF035700D7BA14 /* Views */,
				090D179328CF035E00D7BA14 /* DataSource */,
				0976F429290E0FF2007AC31D /* OrderAdapter.swift */,
			);
			name = CartModule;
			sourceTree = "<group>";
		};
		09E5768728F3A4BF00AB24DB /* AnimationModule */ = {
			isa = PBXGroup;
			children = (
				09E5768328F3834300AB24DB /* MainLaunchScreenView.swift */,
				09E5768528F3887500AB24DB /* LaunchScreenManager.swift */,
			);
			name = AnimationModule;
			sourceTree = "<group>";
		};
/* End PBXGroup section */

/* Begin PBXNativeTarget section */
		09439A752905EFE10098917D /* AvocadoUITests */ = {
			isa = PBXNativeTarget;
			buildConfigurationList = 09439A802905EFE10098917D /* Build configuration list for PBXNativeTarget "AvocadoUITests" */;
			buildPhases = (
				09439A722905EFE10098917D /* Sources */,
				09439A732905EFE10098917D /* Frameworks */,
				09439A742905EFE10098917D /* Resources */,
			);
			buildRules = (
			);
			dependencies = (
				09439A7D2905EFE10098917D /* PBXTargetDependency */,
			);
			name = AvocadoUITests;
			productName = AvocadoUITests;
			productReference = 09439A762905EFE10098917D /* AvocadoUITests.xctest */;
			productType = "com.apple.product-type.bundle.ui-testing";
		};
		0949F42D28B1AF6D000B9CE6 /* MCRAvocado */ = {
			isa = PBXNativeTarget;
			buildConfigurationList = 0949F43C28B1AF70000B9CE6 /* Build configuration list for PBXNativeTarget "MCRAvocado" */;
			buildPhases = (
				0949F42A28B1AF6D000B9CE6 /* Sources */,
				0949F42B28B1AF6D000B9CE6 /* Frameworks */,
				0949F42C28B1AF6D000B9CE6 /* Resources */,
				097AB5DC28F9197100C670CC /* ShellScript */,
			);
			buildRules = (
			);
			dependencies = (
			);
			name = MCRAvocado;
			productName = MCRAvocado;
			productReference = 0949F42E28B1AF6D000B9CE6 /* Avocado.app */;
			productType = "com.apple.product-type.application";
		};
		095AD0DC28BBFF9200651B36 /* MCRAvocadoTests */ = {
			isa = PBXNativeTarget;
			buildConfigurationList = 095AD0E528BBFF9200651B36 /* Build configuration list for PBXNativeTarget "MCRAvocadoTests" */;
			buildPhases = (
				095AD0D928BBFF9200651B36 /* Sources */,
				095AD0DA28BBFF9200651B36 /* Frameworks */,
				095AD0DB28BBFF9200651B36 /* Resources */,
			);
			buildRules = (
			);
			dependencies = (
				095AD0E228BBFF9200651B36 /* PBXTargetDependency */,
			);
			name = MCRAvocadoTests;
			productName = MCRAvocadoTests;
			productReference = 095AD0DD28BBFF9200651B36 /* MCRAvocadoTests.xctest */;
			productType = "com.apple.product-type.bundle.unit-test";
		};
/* End PBXNativeTarget section */

/* Begin PBXProject section */
		0949F42628B1AF6D000B9CE6 /* Project object */ = {
			isa = PBXProject;
			attributes = {
				BuildIndependentTargetsInParallel = 1;
				LastSwiftUpdateCheck = 1340;
				LastUpgradeCheck = 1340;
				TargetAttributes = {
					09439A752905EFE10098917D = {
						CreatedOnToolsVersion = 13.4.1;
						TestTargetID = 0949F42D28B1AF6D000B9CE6;
					};
					0949F42D28B1AF6D000B9CE6 = {
						CreatedOnToolsVersion = 13.4.1;
					};
					095AD0DC28BBFF9200651B36 = {
						CreatedOnToolsVersion = 13.4.1;
						TestTargetID = 0949F42D28B1AF6D000B9CE6;
					};
				};
			};
			buildConfigurationList = 0949F42928B1AF6D000B9CE6 /* Build configuration list for PBXProject "MCRAvocado" */;
			compatibilityVersion = "Xcode 13.0";
			developmentRegion = en;
			hasScannedForEncodings = 0;
			knownRegions = (
				en,
				Base,
			);
			mainGroup = 0949F42528B1AF6D000B9CE6;
			productRefGroup = 0949F42F28B1AF6D000B9CE6 /* Products */;
			projectDirPath = "";
			projectRoot = "";
			targets = (
				0949F42D28B1AF6D000B9CE6 /* MCRAvocado */,
				095AD0DC28BBFF9200651B36 /* MCRAvocadoTests */,
				09439A752905EFE10098917D /* AvocadoUITests */,
			);
		};
/* End PBXProject section */

/* Begin PBXResourcesBuildPhase section */
		09439A742905EFE10098917D /* Resources */ = {
			isa = PBXResourcesBuildPhase;
			buildActionMask = 2147483647;
			files = (
			);
			runOnlyForDeploymentPostprocessing = 0;
		};
		0949F42C28B1AF6D000B9CE6 /* Resources */ = {
			isa = PBXResourcesBuildPhase;
			buildActionMask = 2147483647;
			files = (
				0992FF6A2904F6A300083B20 /* MenuMock.json in Resources */,
				0949F43928B1AF70000B9CE6 /* Preview Assets.xcassets in Resources */,
				0949F43628B1AF70000B9CE6 /* Assets.xcassets in Resources */,
			);
			runOnlyForDeploymentPostprocessing = 0;
		};
		095AD0DB28BBFF9200651B36 /* Resources */ = {
			isa = PBXResourcesBuildPhase;
			buildActionMask = 2147483647;
			files = (
				0992FF692904F5B100083B20 /* MenuMock.json in Resources */,
			);
			runOnlyForDeploymentPostprocessing = 0;
		};
/* End PBXResourcesBuildPhase section */

/* Begin PBXShellScriptBuildPhase section */
		097AB5DC28F9197100C670CC /* ShellScript */ = {
			isa = PBXShellScriptBuildPhase;
			alwaysOutOfDate = 1;
			buildActionMask = 2147483647;
			files = (
			);
			inputFileListPaths = (
			);
			inputPaths = (
			);
			outputFileListPaths = (
			);
			outputPaths = (
			);
			runOnlyForDeploymentPostprocessing = 0;
			shellPath = /bin/sh;
			shellScript = "export PATH=\"$PATH:/opt/homebrew/bin\"\nif which swiftlint > /dev/null; then\n  swiftlint\nelse\n  echo \"warning: SwiftLint not installed, download from https://github.com/realm/SwiftLint\"\nfi\n";
		};
/* End PBXShellScriptBuildPhase section */

/* Begin PBXSourcesBuildPhase section */
		09439A722905EFE10098917D /* Sources */ = {
			isa = PBXSourcesBuildPhase;
			buildActionMask = 2147483647;
			files = (
				09439A792905EFE10098917D /* AvocadoUITests.swift in Sources */,
			);
			runOnlyForDeploymentPostprocessing = 0;
		};
		0949F42A28B1AF6D000B9CE6 /* Sources */ = {
			isa = PBXSourcesBuildPhase;
			buildActionMask = 2147483647;
			files = (
				0911720628E1286F00052533 /* MenuItemToAddBuilder.swift in Sources */,
				096D5E58290F912100FA94B8 /* OrderRowView.swift in Sources */,
				091171F428E0E11600052533 /* CartListFactory.swift in Sources */,
				09F7AAFF28C595A400262C52 /* DoubleExtension.swift in Sources */,
				09AF6FD128CEBF9D00B30F08 /* MenuItemDetailView.swift in Sources */,
				0949F44628B1B3D5000B9CE6 /* TextLibrary.swift in Sources */,
				09573CF928FC842000775985 /* DataManager.swift in Sources */,
				0954C5EA28FA6AAC00ECD2C0 /* DetailImageView.swift in Sources */,
				0940B54C28D6C6590008A387 /* StartView.swift in Sources */,
				096D5E6F2912370200FA94B8 /* HeaderDetailView.swift in Sources */,
				09928FF628FA271000AEFF21 /* MenuRequest.swift in Sources */,
				09F50C5328F9EA97008E0E92 /* RequestProtocol.swift in Sources */,
				09F7AB0128C5978500262C52 /* DiscountModel.swift in Sources */,
				09573D0B28FCB6FD00775985 /* AvocadoMenu.xcdatamodeld in Sources */,
				09E5768428F3834300AB24DB /* MainLaunchScreenView.swift in Sources */,
				09C1CC3128CE8BDD004548F1 /* OrderDataSource.swift in Sources */,
				096D5E51290F78E100FA94B8 /* DateExtension.swift in Sources */,
				09573D1228FCFC2F00775985 /* Persistence.swift in Sources */,
				0976F428290E0DA8007AC31D /* EncodableExtension.swift in Sources */,
				0949F44428B1B39D000B9CE6 /* ButtonViews.swift in Sources */,
				0940B55228D7A1E50008A387 /* DiscountGridView.swift in Sources */,
				0992900128FA350B00AEFF21 /* APIConstants.swift in Sources */,
				09928FF228FA233100AEFF21 /* RequestManager.swift in Sources */,
				09928FFD28FA30AF00AEFF21 /* NetworkError.swift in Sources */,
				0949F43228B1AF6D000B9CE6 /* MCRAvocadoApp.swift in Sources */,
				0976F42C290E49A1007AC31D /* OrderConfirmationView.swift in Sources */,
				09573D0E28FCF9BB00775985 /* ItemEntity+CoreDataClass.swift in Sources */,
				096D5E5A290F9A5800FA94B8 /* OrderDetailView.swift in Sources */,
				0940B55428D7A2290008A387 /* DiscountDataSource.swift in Sources */,
				094667E728CEAB5C00EAE7C6 /* MenuDetailView.swift in Sources */,
				0976F426290E0B82007AC31D /* OrderContainer.swift in Sources */,
				09573D1028FCF9DD00775985 /* ItemEntity+CoreDataProperties.swift in Sources */,
				09E5768628F3887500AB24DB /* LaunchScreenManager.swift in Sources */,
				0976F42A290E0FF2007AC31D /* OrderAdapter.swift in Sources */,
				09C1CC2F28CE69D1004548F1 /* CartRowView.swift in Sources */,
				0949F44828B1B3FF000B9CE6 /* TextViews.swift in Sources */,
				096D5E53290F844000FA94B8 /* SectionalOrderModel.swift in Sources */,
				09928FF928FA28AB00AEFF21 /* MenuSectionContainer.swift in Sources */,
				09928FFF28FA33F700AEFF21 /* DataParser.swift in Sources */,
				098B7991290B8D060041EB4C /* AvocadoStepper.swift in Sources */,
				0949F44028B1B30A000B9CE6 /* ColorExtension.swift in Sources */,
				0949F45028B1C431000B9CE6 /* Constants.swift in Sources */,
				096D5E61290FABCC00FA94B8 /* EmptyOrdersView.swift in Sources */,
				09573D1628FD249600775985 /* SectionEntity+CoreDataProperties.swift in Sources */,
				0940B55028D6D4180008A387 /* DiscountGridRow.swift in Sources */,
				091171F628E0E18C00052533 /* EmptyCartView.swift in Sources */,
				09573D1528FD249600775985 /* SectionEntity+CoreDataClass.swift in Sources */,
				09928FEE28FA222D00AEFF21 /* APIManager.swift in Sources */,
				096D5E4F290F75E300FA94B8 /* OrdersListView.swift in Sources */,
				096D5E5C290FAB1F00FA94B8 /* OrderRequest.swift in Sources */,
				09F50C5528F9EBF9008E0E92 /* RequestType.swift in Sources */,
				09928FFB28FA2C7A00AEFF21 /* MenuImageView.swift in Sources */,
				09B6B0A628D7B827008969D0 /* MenuListView.swift in Sources */,
				09C1CC2C28CE5417004548F1 /* CartListView.swift in Sources */,
				096D5E55290F889D00FA94B8 /* SectionalOrdersAdapter.swift in Sources */,
				0940B55B28D7AB310008A387 /* MenuRowView.swift in Sources */,
				095AD0CB28BBF75900651B36 /* OrderModel.swift in Sources */,
			);
			runOnlyForDeploymentPostprocessing = 0;
		};
		095AD0D928BBFF9200651B36 /* Sources */ = {
			isa = PBXSourcesBuildPhase;
			buildActionMask = 2147483647;
			files = (
				09D32A66290478A60001DF31 /* MenuRequestMock.swift in Sources */,
				096D5E6A2912310900FA94B8 /* DateExtension.swift in Sources */,
				09D32A732904AECD0001DF31 /* CoreDataTests.swift in Sources */,
				09D32A68290478F50001DF31 /* RequestManagerTests.swift in Sources */,
				09D32A64290478510001DF31 /* APIManagerMock.swift in Sources */,
				09D32A62290464DA0001DF31 /* MenuItemToAddBuilderTests.swift in Sources */,
				096D5E682912305A00FA94B8 /* SectionalOrdersAdapterTests.swift in Sources */,
				095AD0E028BBFF9200651B36 /* OrderModelTests.swift in Sources */,
			);
			runOnlyForDeploymentPostprocessing = 0;
		};
/* End PBXSourcesBuildPhase section */

/* Begin PBXTargetDependency section */
		09439A7D2905EFE10098917D /* PBXTargetDependency */ = {
			isa = PBXTargetDependency;
			target = 0949F42D28B1AF6D000B9CE6 /* MCRAvocado */;
			targetProxy = 09439A7C2905EFE10098917D /* PBXContainerItemProxy */;
		};
		095AD0E228BBFF9200651B36 /* PBXTargetDependency */ = {
			isa = PBXTargetDependency;
			target = 0949F42D28B1AF6D000B9CE6 /* MCRAvocado */;
			targetProxy = 095AD0E128BBFF9200651B36 /* PBXContainerItemProxy */;
		};
/* End PBXTargetDependency section */

/* Begin XCBuildConfiguration section */
		09439A7E2905EFE10098917D /* Debug */ = {
			isa = XCBuildConfiguration;
			buildSettings = {
				CODE_SIGN_STYLE = Automatic;
				CURRENT_PROJECT_VERSION = 1;
				DEVELOPMENT_TEAM = YZ7WPJDTA7;
				GENERATE_INFOPLIST_FILE = YES;
				IPHONEOS_DEPLOYMENT_TARGET = 15.5;
				MARKETING_VERSION = 1.0;
				PRODUCT_BUNDLE_IDENTIFIER = com.anastasiiaTereshchenko.AvocadoUITests;
				PRODUCT_NAME = "$(TARGET_NAME)";
				SWIFT_EMIT_LOC_STRINGS = NO;
				SWIFT_VERSION = 5.0;
				TARGETED_DEVICE_FAMILY = "1,2";
				TEST_TARGET_NAME = MCRAvocado;
			};
			name = Debug;
		};
		09439A7F2905EFE10098917D /* Release */ = {
			isa = XCBuildConfiguration;
			buildSettings = {
				CODE_SIGN_STYLE = Automatic;
				CURRENT_PROJECT_VERSION = 1;
				DEVELOPMENT_TEAM = YZ7WPJDTA7;
				GENERATE_INFOPLIST_FILE = YES;
				IPHONEOS_DEPLOYMENT_TARGET = 15.5;
				MARKETING_VERSION = 1.0;
				PRODUCT_BUNDLE_IDENTIFIER = com.anastasiiaTereshchenko.AvocadoUITests;
				PRODUCT_NAME = "$(TARGET_NAME)";
				SWIFT_EMIT_LOC_STRINGS = NO;
				SWIFT_VERSION = 5.0;
				TARGETED_DEVICE_FAMILY = "1,2";
				TEST_TARGET_NAME = MCRAvocado;
			};
			name = Release;
		};
		0949F43A28B1AF70000B9CE6 /* Debug */ = {
			isa = XCBuildConfiguration;
			buildSettings = {
				ALWAYS_SEARCH_USER_PATHS = NO;
				CLANG_ANALYZER_NONNULL = YES;
				CLANG_ANALYZER_NUMBER_OBJECT_CONVERSION = YES_AGGRESSIVE;
				CLANG_CXX_LANGUAGE_STANDARD = "gnu++17";
				CLANG_ENABLE_MODULES = YES;
				CLANG_ENABLE_OBJC_ARC = YES;
				CLANG_ENABLE_OBJC_WEAK = YES;
				CLANG_WARN_BLOCK_CAPTURE_AUTORELEASING = YES;
				CLANG_WARN_BOOL_CONVERSION = YES;
				CLANG_WARN_COMMA = YES;
				CLANG_WARN_CONSTANT_CONVERSION = YES;
				CLANG_WARN_DEPRECATED_OBJC_IMPLEMENTATIONS = YES;
				CLANG_WARN_DIRECT_OBJC_ISA_USAGE = YES_ERROR;
				CLANG_WARN_DOCUMENTATION_COMMENTS = YES;
				CLANG_WARN_EMPTY_BODY = YES;
				CLANG_WARN_ENUM_CONVERSION = YES;
				CLANG_WARN_INFINITE_RECURSION = YES;
				CLANG_WARN_INT_CONVERSION = YES;
				CLANG_WARN_NON_LITERAL_NULL_CONVERSION = YES;
				CLANG_WARN_OBJC_IMPLICIT_RETAIN_SELF = YES;
				CLANG_WARN_OBJC_LITERAL_CONVERSION = YES;
				CLANG_WARN_OBJC_ROOT_CLASS = YES_ERROR;
				CLANG_WARN_QUOTED_INCLUDE_IN_FRAMEWORK_HEADER = YES;
				CLANG_WARN_RANGE_LOOP_ANALYSIS = YES;
				CLANG_WARN_STRICT_PROTOTYPES = YES;
				CLANG_WARN_SUSPICIOUS_MOVE = YES;
				CLANG_WARN_UNGUARDED_AVAILABILITY = YES_AGGRESSIVE;
				CLANG_WARN_UNREACHABLE_CODE = YES;
				CLANG_WARN__DUPLICATE_METHOD_MATCH = YES;
				COPY_PHASE_STRIP = NO;
				DEBUG_INFORMATION_FORMAT = dwarf;
				ENABLE_STRICT_OBJC_MSGSEND = YES;
				ENABLE_TESTABILITY = YES;
				GCC_C_LANGUAGE_STANDARD = gnu11;
				GCC_DYNAMIC_NO_PIC = NO;
				GCC_NO_COMMON_BLOCKS = YES;
				GCC_OPTIMIZATION_LEVEL = 0;
				GCC_PREPROCESSOR_DEFINITIONS = (
					"DEBUG=1",
					"$(inherited)",
				);
				GCC_WARN_64_TO_32_BIT_CONVERSION = YES;
				GCC_WARN_ABOUT_RETURN_TYPE = YES_ERROR;
				GCC_WARN_UNDECLARED_SELECTOR = YES;
				GCC_WARN_UNINITIALIZED_AUTOS = YES_AGGRESSIVE;
				GCC_WARN_UNUSED_FUNCTION = YES;
				GCC_WARN_UNUSED_VARIABLE = YES;
				IPHONEOS_DEPLOYMENT_TARGET = 15.0;
				MTL_ENABLE_DEBUG_INFO = INCLUDE_SOURCE;
				MTL_FAST_MATH = YES;
				ONLY_ACTIVE_ARCH = YES;
				SDKROOT = iphoneos;
				SWIFT_ACTIVE_COMPILATION_CONDITIONS = DEBUG;
				SWIFT_OPTIMIZATION_LEVEL = "-Onone";
			};
			name = Debug;
		};
		0949F43B28B1AF70000B9CE6 /* Release */ = {
			isa = XCBuildConfiguration;
			buildSettings = {
				ALWAYS_SEARCH_USER_PATHS = NO;
				CLANG_ANALYZER_NONNULL = YES;
				CLANG_ANALYZER_NUMBER_OBJECT_CONVERSION = YES_AGGRESSIVE;
				CLANG_CXX_LANGUAGE_STANDARD = "gnu++17";
				CLANG_ENABLE_MODULES = YES;
				CLANG_ENABLE_OBJC_ARC = YES;
				CLANG_ENABLE_OBJC_WEAK = YES;
				CLANG_WARN_BLOCK_CAPTURE_AUTORELEASING = YES;
				CLANG_WARN_BOOL_CONVERSION = YES;
				CLANG_WARN_COMMA = YES;
				CLANG_WARN_CONSTANT_CONVERSION = YES;
				CLANG_WARN_DEPRECATED_OBJC_IMPLEMENTATIONS = YES;
				CLANG_WARN_DIRECT_OBJC_ISA_USAGE = YES_ERROR;
				CLANG_WARN_DOCUMENTATION_COMMENTS = YES;
				CLANG_WARN_EMPTY_BODY = YES;
				CLANG_WARN_ENUM_CONVERSION = YES;
				CLANG_WARN_INFINITE_RECURSION = YES;
				CLANG_WARN_INT_CONVERSION = YES;
				CLANG_WARN_NON_LITERAL_NULL_CONVERSION = YES;
				CLANG_WARN_OBJC_IMPLICIT_RETAIN_SELF = YES;
				CLANG_WARN_OBJC_LITERAL_CONVERSION = YES;
				CLANG_WARN_OBJC_ROOT_CLASS = YES_ERROR;
				CLANG_WARN_QUOTED_INCLUDE_IN_FRAMEWORK_HEADER = YES;
				CLANG_WARN_RANGE_LOOP_ANALYSIS = YES;
				CLANG_WARN_STRICT_PROTOTYPES = YES;
				CLANG_WARN_SUSPICIOUS_MOVE = YES;
				CLANG_WARN_UNGUARDED_AVAILABILITY = YES_AGGRESSIVE;
				CLANG_WARN_UNREACHABLE_CODE = YES;
				CLANG_WARN__DUPLICATE_METHOD_MATCH = YES;
				COPY_PHASE_STRIP = NO;
				DEBUG_INFORMATION_FORMAT = "dwarf-with-dsym";
				ENABLE_NS_ASSERTIONS = NO;
				ENABLE_STRICT_OBJC_MSGSEND = YES;
				GCC_C_LANGUAGE_STANDARD = gnu11;
				GCC_NO_COMMON_BLOCKS = YES;
				GCC_WARN_64_TO_32_BIT_CONVERSION = YES;
				GCC_WARN_ABOUT_RETURN_TYPE = YES_ERROR;
				GCC_WARN_UNDECLARED_SELECTOR = YES;
				GCC_WARN_UNINITIALIZED_AUTOS = YES_AGGRESSIVE;
				GCC_WARN_UNUSED_FUNCTION = YES;
				GCC_WARN_UNUSED_VARIABLE = YES;
				IPHONEOS_DEPLOYMENT_TARGET = 15.0;
				MTL_ENABLE_DEBUG_INFO = NO;
				MTL_FAST_MATH = YES;
				SDKROOT = iphoneos;
				SWIFT_COMPILATION_MODE = wholemodule;
				SWIFT_OPTIMIZATION_LEVEL = "-O";
				VALIDATE_PRODUCT = YES;
			};
			name = Release;
		};
		0949F43D28B1AF70000B9CE6 /* Debug */ = {
			isa = XCBuildConfiguration;
			buildSettings = {
				ASSETCATALOG_COMPILER_APPICON_NAME = AppIcon;
				ASSETCATALOG_COMPILER_GLOBAL_ACCENT_COLOR_NAME = AccentColor;
				CODE_SIGN_STYLE = Automatic;
				CURRENT_PROJECT_VERSION = 1;
				DEVELOPMENT_ASSET_PATHS = "\"MCRAvocado/Preview Content\"";
				DEVELOPMENT_TEAM = YZ7WPJDTA7;
				ENABLE_PREVIEWS = YES;
				GENERATE_INFOPLIST_FILE = YES;
				INFOPLIST_FILE = MCRAvocado/Info.plist;
				INFOPLIST_KEY_UIApplicationSceneManifest_Generation = YES;
				INFOPLIST_KEY_UIApplicationSupportsIndirectInputEvents = YES;
				INFOPLIST_KEY_UISupportedInterfaceOrientations_iPad = "UIInterfaceOrientationPortrait UIInterfaceOrientationPortraitUpsideDown UIInterfaceOrientationLandscapeLeft UIInterfaceOrientationLandscapeRight";
				INFOPLIST_KEY_UISupportedInterfaceOrientations_iPhone = "UIInterfaceOrientationPortrait UIInterfaceOrientationLandscapeLeft UIInterfaceOrientationLandscapeRight";
				IPHONEOS_DEPLOYMENT_TARGET = 15.0;
				LD_RUNPATH_SEARCH_PATHS = (
					"$(inherited)",
					"@executable_path/Frameworks",
				);
				MARKETING_VERSION = 1.0;
				PRODUCT_BUNDLE_IDENTIFIER = com.anastasiiaTereshchenko.mcrAvocado;
				PRODUCT_NAME = Avocado;
				SWIFT_EMIT_LOC_STRINGS = YES;
				SWIFT_VERSION = 5.0;
				TARGETED_DEVICE_FAMILY = "1,2";
			};
			name = Debug;
		};
		0949F43E28B1AF70000B9CE6 /* Release */ = {
			isa = XCBuildConfiguration;
			buildSettings = {
				ASSETCATALOG_COMPILER_APPICON_NAME = AppIcon;
				ASSETCATALOG_COMPILER_GLOBAL_ACCENT_COLOR_NAME = AccentColor;
				CODE_SIGN_STYLE = Automatic;
				CURRENT_PROJECT_VERSION = 1;
				DEVELOPMENT_ASSET_PATHS = "\"MCRAvocado/Preview Content\"";
				DEVELOPMENT_TEAM = "";
				ENABLE_PREVIEWS = YES;
				GENERATE_INFOPLIST_FILE = YES;
				INFOPLIST_FILE = MCRAvocado/Info.plist;
				INFOPLIST_KEY_UIApplicationSceneManifest_Generation = YES;
				INFOPLIST_KEY_UIApplicationSupportsIndirectInputEvents = YES;
				INFOPLIST_KEY_UISupportedInterfaceOrientations_iPad = "UIInterfaceOrientationPortrait UIInterfaceOrientationPortraitUpsideDown UIInterfaceOrientationLandscapeLeft UIInterfaceOrientationLandscapeRight";
				INFOPLIST_KEY_UISupportedInterfaceOrientations_iPhone = "UIInterfaceOrientationPortrait UIInterfaceOrientationLandscapeLeft UIInterfaceOrientationLandscapeRight";
				IPHONEOS_DEPLOYMENT_TARGET = 15.0;
				LD_RUNPATH_SEARCH_PATHS = (
					"$(inherited)",
					"@executable_path/Frameworks",
				);
				MARKETING_VERSION = 1.0;
				PRODUCT_BUNDLE_IDENTIFIER = com.anastasiiaTereshchenko.mcrAvocado;
				PRODUCT_NAME = Avocado;
				SWIFT_EMIT_LOC_STRINGS = YES;
				SWIFT_VERSION = 5.0;
				TARGETED_DEVICE_FAMILY = "1,2";
			};
			name = Release;
		};
		095AD0E328BBFF9200651B36 /* Debug */ = {
			isa = XCBuildConfiguration;
			buildSettings = {
				BUNDLE_LOADER = "$(TEST_HOST)";
				CODE_SIGN_STYLE = Automatic;
				CURRENT_PROJECT_VERSION = 1;
				DEVELOPMENT_TEAM = YZ7WPJDTA7;
				GENERATE_INFOPLIST_FILE = YES;
				IPHONEOS_DEPLOYMENT_TARGET = 15.0;
				MARKETING_VERSION = 1.0;
				PRODUCT_BUNDLE_IDENTIFIER = com.anastasiiaTereshchenko.MCRAvocadoTests;
				PRODUCT_NAME = "$(TARGET_NAME)";
				SWIFT_EMIT_LOC_STRINGS = NO;
				SWIFT_VERSION = 5.0;
				TARGETED_DEVICE_FAMILY = "1,2";
				TEST_HOST = "$(BUILT_PRODUCTS_DIR)/Avocado.app/Avocado";
			};
			name = Debug;
		};
		095AD0E428BBFF9200651B36 /* Release */ = {
			isa = XCBuildConfiguration;
			buildSettings = {
				BUNDLE_LOADER = "$(TEST_HOST)";
				CODE_SIGN_STYLE = Automatic;
				CURRENT_PROJECT_VERSION = 1;
				DEVELOPMENT_TEAM = YZ7WPJDTA7;
				GENERATE_INFOPLIST_FILE = YES;
				IPHONEOS_DEPLOYMENT_TARGET = 15.0;
				MARKETING_VERSION = 1.0;
				PRODUCT_BUNDLE_IDENTIFIER = com.anastasiiaTereshchenko.MCRAvocadoTests;
				PRODUCT_NAME = "$(TARGET_NAME)";
				SWIFT_EMIT_LOC_STRINGS = NO;
				SWIFT_VERSION = 5.0;
				TARGETED_DEVICE_FAMILY = "1,2";
				TEST_HOST = "$(BUILT_PRODUCTS_DIR)/Avocado.app/Avocado";
			};
			name = Release;
		};
/* End XCBuildConfiguration section */

/* Begin XCConfigurationList section */
		09439A802905EFE10098917D /* Build configuration list for PBXNativeTarget "AvocadoUITests" */ = {
			isa = XCConfigurationList;
			buildConfigurations = (
				09439A7E2905EFE10098917D /* Debug */,
				09439A7F2905EFE10098917D /* Release */,
			);
			defaultConfigurationIsVisible = 0;
			defaultConfigurationName = Release;
		};
		0949F42928B1AF6D000B9CE6 /* Build configuration list for PBXProject "MCRAvocado" */ = {
			isa = XCConfigurationList;
			buildConfigurations = (
				0949F43A28B1AF70000B9CE6 /* Debug */,
				0949F43B28B1AF70000B9CE6 /* Release */,
			);
			defaultConfigurationIsVisible = 0;
			defaultConfigurationName = Release;
		};
		0949F43C28B1AF70000B9CE6 /* Build configuration list for PBXNativeTarget "MCRAvocado" */ = {
			isa = XCConfigurationList;
			buildConfigurations = (
				0949F43D28B1AF70000B9CE6 /* Debug */,
				0949F43E28B1AF70000B9CE6 /* Release */,
			);
			defaultConfigurationIsVisible = 0;
			defaultConfigurationName = Release;
		};
		095AD0E528BBFF9200651B36 /* Build configuration list for PBXNativeTarget "MCRAvocadoTests" */ = {
			isa = XCConfigurationList;
			buildConfigurations = (
				095AD0E328BBFF9200651B36 /* Debug */,
				095AD0E428BBFF9200651B36 /* Release */,
			);
			defaultConfigurationIsVisible = 0;
			defaultConfigurationName = Release;
		};
/* End XCConfigurationList section */

/* Begin XCVersionGroup section */
		09573D0928FCB6FD00775985 /* AvocadoMenu.xcdatamodeld */ = {
			isa = XCVersionGroup;
			children = (
				09573D0A28FCB6FD00775985 /* AvocadoMenu.xcdatamodel */,
			);
			currentVersion = 09573D0A28FCB6FD00775985 /* AvocadoMenu.xcdatamodel */;
			path = AvocadoMenu.xcdatamodeld;
			sourceTree = "<group>";
			versionGroupType = wrapper.xcdatamodel;
		};
/* End XCVersionGroup section */
	};
	rootObject = 0949F42628B1AF6D000B9CE6 /* Project object */;
}
